
Microsoft Visual Studio Solution File, Format Version 12.00
# Visual Studio Version 16
VisualStudioVersion = 16.0.32929.386
MinimumVisualStudioVersion = 10.0.40219.1
Project("{FAE04EC0-301F-11D3-BF4B-00C04F79EFBC}") = "AsiignmentSeven", "AsiignmentSeven\AsiignmentSeven.csproj", "{0013D2B0-3A83-4EC6-99B9-C2656E1B3319}"
EndProject
Global
	GlobalSection(SolutionConfigurationPlatforms) = preSolution
		Debug|Any CPU = Debug|Any CPU
		Release|Any CPU = Release|Any CPU
	EndGlobalSection
	GlobalSection(ProjectConfigurationPlatforms) = postSolution
		{0013D2B0-3A83-4EC6-99B9-C2656E1B3319}.Debug|Any CPU.ActiveCfg = Debug|Any CPU
		{0013D2B0-3A83-4EC6-99B9-C2656E1B3319}.Debug|Any CPU.Build.0 = Debug|Any CPU
		{0013D2B0-3A83-4EC6-99B9-C2656E1B3319}.Release|Any CPU.ActiveCfg = Release|Any CPU
		{0013D2B0-3A83-4EC6-99B9-C2656E1B3319}.Release|Any CPU.Build.0 = Release|Any CPU
	EndGlobalSection
	GlobalSection(SolutionProperties) = preSolution
		HideSolutionNode = FALSE
	EndGlobalSection
	GlobalSection(ExtensibilityGlobals) = postSolution
		SolutionGuid = {A0A4DCB2-ACB7-4D4F-9ADA-EAF803462A91}
	EndGlobalSection
EndGlobal
